// !$*UTF8*$!
{
	archiveVersion = 1;
	classes = {
	};
	objectVersion = 48;
	objects = {

/* Begin PBXBuildFile section */
		48121FC31F9C23590088DFB3 /* AppDelegate.swift in Sources */ = {isa = PBXBuildFile; fileRef = 48121FC21F9C23590088DFB3 /* AppDelegate.swift */; };
		48121FC81F9C23590088DFB3 /* Main.storyboard in Resources */ = {isa = PBXBuildFile; fileRef = 48121FC61F9C23590088DFB3 /* Main.storyboard */; };
		48121FCB1F9C23590088DFB3 /* GoalPost.xcdatamodeld in Sources */ = {isa = PBXBuildFile; fileRef = 48121FC91F9C23590088DFB3 /* GoalPost.xcdatamodeld */; };
		48121FCD1F9C23590088DFB3 /* Assets.xcassets in Resources */ = {isa = PBXBuildFile; fileRef = 48121FCC1F9C23590088DFB3 /* Assets.xcassets */; };
		48121FD01F9C23590088DFB3 /* LaunchScreen.storyboard in Resources */ = {isa = PBXBuildFile; fileRef = 48121FCE1F9C23590088DFB3 /* LaunchScreen.storyboard */; };
		48121FDC1F9C25EA0088DFB3 /* GoalsVC.swift in Sources */ = {isa = PBXBuildFile; fileRef = 48121FDB1F9C25EA0088DFB3 /* GoalsVC.swift */; };
		48121FDE1F9C304A0088DFB3 /* GoalCell.swift in Sources */ = {isa = PBXBuildFile; fileRef = 48121FDD1F9C304A0088DFB3 /* GoalCell.swift */; };
		48121FE01F9C3F530088DFB3 /* GoalType.swift in Sources */ = {isa = PBXBuildFile; fileRef = 48121FDF1F9C3F530088DFB3 /* GoalType.swift */; };
/* End PBXBuildFile section */

/* Begin PBXFileReference section */
		48121FBF1F9C23590088DFB3 /* GoalPost.app */ = {isa = PBXFileReference; explicitFileType = wrapper.application; includeInIndex = 0; path = GoalPost.app; sourceTree = BUILT_PRODUCTS_DIR; };
		48121FC21F9C23590088DFB3 /* AppDelegate.swift */ = {isa = PBXFileReference; lastKnownFileType = sourcecode.swift; path = AppDelegate.swift; sourceTree = "<group>"; };
		48121FC71F9C23590088DFB3 /* Base */ = {isa = PBXFileReference; lastKnownFileType = file.storyboard; name = Base; path = Base.lproj/Main.storyboard; sourceTree = "<group>"; };
		48121FCA1F9C23590088DFB3 /* GoalPost.xcdatamodel */ = {isa = PBXFileReference; lastKnownFileType = wrapper.xcdatamodel; path = GoalPost.xcdatamodel; sourceTree = "<group>"; };
		48121FCC1F9C23590088DFB3 /* Assets.xcassets */ = {isa = PBXFileReference; lastKnownFileType = folder.assetcatalog; path = Assets.xcassets; sourceTree = "<group>"; };
		48121FCF1F9C23590088DFB3 /* Base */ = {isa = PBXFileReference; lastKnownFileType = file.storyboard; name = Base; path = Base.lproj/LaunchScreen.storyboard; sourceTree = "<group>"; };
		48121FD11F9C23590088DFB3 /* Info.plist */ = {isa = PBXFileReference; lastKnownFileType = text.plist.xml; path = Info.plist; sourceTree = "<group>"; };
		48121FDB1F9C25EA0088DFB3 /* GoalsVC.swift */ = {isa = PBXFileReference; lastKnownFileType = sourcecode.swift; path = GoalsVC.swift; sourceTree = "<group>"; };
		48121FDD1F9C304A0088DFB3 /* GoalCell.swift */ = {isa = PBXFileReference; lastKnownFileType = sourcecode.swift; path = GoalCell.swift; sourceTree = "<group>"; };
		48121FDF1F9C3F530088DFB3 /* GoalType.swift */ = {isa = PBXFileReference; lastKnownFileType = sourcecode.swift; path = GoalType.swift; sourceTree = "<group>"; };
/* End PBXFileReference section */

/* Begin PBXFrameworksBuildPhase section */
		48121FBC1F9C23590088DFB3 /* Frameworks */ = {
			isa = PBXFrameworksBuildPhase;
			buildActionMask = 2147483647;
			files = (
			);
			runOnlyForDeploymentPostprocessing = 0;
		};
/* End PBXFrameworksBuildPhase section */

/* Begin PBXGroup section */
		48121FB61F9C23590088DFB3 = {
			isa = PBXGroup;
			children = (
				48121FC11F9C23590088DFB3 /* GoalPost */,
				48121FC01F9C23590088DFB3 /* Products */,
			);
			sourceTree = "<group>";
		};
		48121FC01F9C23590088DFB3 /* Products */ = {
			isa = PBXGroup;
			children = (
				48121FBF1F9C23590088DFB3 /* GoalPost.app */,
			);
			name = Products;
			sourceTree = "<group>";
		};
		48121FC11F9C23590088DFB3 /* GoalPost */ = {
			isa = PBXGroup;
			children = (
				48121FDA1F9C24E00088DFB3 /* Extensions */,
				48121FD91F9C24B70088DFB3 /* Enums */,
				48121FD81F9C24AF0088DFB3 /* View */,
				48121FD71F9C24A50088DFB3 /* Controller */,
				48121FC21F9C23590088DFB3 /* AppDelegate.swift */,
				48121FC61F9C23590088DFB3 /* Main.storyboard */,
				48121FCC1F9C23590088DFB3 /* Assets.xcassets */,
				48121FCE1F9C23590088DFB3 /* LaunchScreen.storyboard */,
				48121FD11F9C23590088DFB3 /* Info.plist */,
				48121FC91F9C23590088DFB3 /* GoalPost.xcdatamodeld */,
			);
			path = GoalPost;
			sourceTree = "<group>";
		};
		48121FD71F9C24A50088DFB3 /* Controller */ = {
			isa = PBXGroup;
			children = (
				48121FDB1F9C25EA0088DFB3 /* GoalsVC.swift */,
			);
			path = Controller;
			sourceTree = "<group>";
		};
		48121FD81F9C24AF0088DFB3 /* View */ = {
			isa = PBXGroup;
			children = (
				48121FDD1F9C304A0088DFB3 /* GoalCell.swift */,
			);
			path = View;
			sourceTree = "<group>";
		};
		48121FD91F9C24B70088DFB3 /* Enums */ = {
			isa = PBXGroup;
			children = (
				48121FDF1F9C3F530088DFB3 /* GoalType.swift */,
			);
			path = Enums;
			sourceTree = "<group>";
		};
		48121FDA1F9C24E00088DFB3 /* Extensions */ = {
			isa = PBXGroup;
			children = (
			);
			path = Extensions;
			sourceTree = "<group>";
		};
/* End PBXGroup section */

/* Begin PBXNativeTarget section */
		48121FBE1F9C23590088DFB3 /* GoalPost */ = {
			isa = PBXNativeTarget;
			buildConfigurationList = 48121FD41F9C23590088DFB3 /* Build configuration list for PBXNativeTarget "GoalPost" */;
			buildPhases = (
				48121FBB1F9C23590088DFB3 /* Sources */,
				48121FBC1F9C23590088DFB3 /* Frameworks */,
				48121FBD1F9C23590088DFB3 /* Resources */,
			);
			buildRules = (
			);
			dependencies = (
			);
			name = GoalPost;
			productName = GoalPost;
			productReference = 48121FBF1F9C23590088DFB3 /* GoalPost.app */;
			productType = "com.apple.product-type.application";
		};
/* End PBXNativeTarget section */

/* Begin PBXProject section */
		48121FB71F9C23590088DFB3 /* Project object */ = {
			isa = PBXProject;
			attributes = {
				LastSwiftUpdateCheck = 0900;
				LastUpgradeCheck = 0900;
				ORGANIZATIONNAME = samchon;
				TargetAttributes = {
					48121FBE1F9C23590088DFB3 = {
						CreatedOnToolsVersion = 9.0.1;
						ProvisioningStyle = Automatic;
					};
				};
			};
			buildConfigurationList = 48121FBA1F9C23590088DFB3 /* Build configuration list for PBXProject "GoalPost" */;
			compatibilityVersion = "Xcode 8.0";
			developmentRegion = en;
			hasScannedForEncodings = 0;
			knownRegions = (
				en,
				Base,
			);
			mainGroup = 48121FB61F9C23590088DFB3;
			productRefGroup = 48121FC01F9C23590088DFB3 /* Products */;
			projectDirPath = "";
			projectRoot = "";
			targets = (
				48121FBE1F9C23590088DFB3 /* GoalPost */,
			);
		};
/* End PBXProject section */

/* Begin PBXResourcesBuildPhase section */
		48121FBD1F9C23590088DFB3 /* Resources */ = {
			isa = PBXResourcesBuildPhase;
			buildActionMask = 2147483647;
			files = (
				48121FD01F9C23590088DFB3 /* LaunchScreen.storyboard in Resources */,
				48121FCD1F9C23590088DFB3 /* Assets.xcassets in Resources */,
				48121FC81F9C23590088DFB3 /* Main.storyboard in Resources */,
			);
			runOnlyForDeploymentPostprocessing = 0;
		};
/* End PBXResourcesBuildPhase section */

/* Begin PBXSourcesBuildPhase section */
		48121FBB1F9C23590088DFB3 /* Sources */ = {
			isa = PBXSourcesBuildPhase;
			buildActionMask = 2147483647;
			files = (
				48121FDE1F9C304A0088DFB3 /* GoalCell.swift in Sources */,
				48121FE01F9C3F530088DFB3 /* GoalType.swift in Sources */,
				48121FDC1F9C25EA0088DFB3 /* GoalsVC.swift in Sources */,
				48121FC31F9C23590088DFB3 /* AppDelegate.swift in Sources */,
				48121FCB1F9C23590088DFB3 /* GoalPost.xcdatamodeld in Sources */,
			);
			runOnlyForDeploymentPostprocessing = 0;
		};
/* End PBXSourcesBuildPhase section */

/* Begin PBXVariantGroup section */
		48121FC61F9C23590088DFB3 /* Main.storyboard */ = {
			isa = PBXVariantGroup;
			children = (
				48121FC71F9C23590088DFB3 /* Base */,
			);
			name = Main.storyboard;
			sourceTree = "<group>";
		};
		48121FCE1F9C23590088DFB3 /* LaunchScreen.storyboard */ = {
			isa = PBXVariantGroup;
			children = (
				48121FCF1F9C23590088DFB3 /* Base */,
			);
			name = LaunchScreen.storyboard;
			sourceTree = "<group>";
		};
/* End PBXVariantGroup section */

/* Begin XCBuildConfiguration section */
		48121FD21F9C23590088DFB3 /* Debug */ = {
			isa = XCBuildConfiguration;
			buildSettings = {
				ALWAYS_SEARCH_USER_PATHS = NO;
				CLANG_ANALYZER_NONNULL = YES;
				CLANG_ANALYZER_NUMBER_OBJECT_CONVERSION = YES_AGGRESSIVE;
				CLANG_CXX_LANGUAGE_STANDARD = "gnu++14";
				CLANG_CXX_LIBRARY = "libc++";
				CLANG_ENABLE_MODULES = YES;
				CLANG_ENABLE_OBJC_ARC = YES;
				CLANG_WARN_BLOCK_CAPTURE_AUTORELEASING = YES;
				CLANG_WARN_BOOL_CONVERSION = YES;
				CLANG_WARN_COMMA = YES;
				CLANG_WARN_CONSTANT_CONVERSION = YES;
				CLANG_WARN_DIRECT_OBJC_ISA_USAGE = YES_ERROR;
				CLANG_WARN_DOCUMENTATION_COMMENTS = YES;
				CLANG_WARN_EMPTY_BODY = YES;
				CLANG_WARN_ENUM_CONVERSION = YES;
				CLANG_WARN_INFINITE_RECURSION = YES;
				CLANG_WARN_INT_CONVERSION = YES;
				CLANG_WARN_NON_LITERAL_NULL_CONVERSION = YES;
				CLANG_WARN_OBJC_LITERAL_CONVERSION = YES;
				CLANG_WARN_OBJC_ROOT_CLASS = YES_ERROR;
				CLANG_WARN_RANGE_LOOP_ANALYSIS = YES;
				CLANG_WARN_STRICT_PROTOTYPES = YES;
				CLANG_WARN_SUSPICIOUS_MOVE = YES;
				CLANG_WARN_UNGUARDED_AVAILABILITY = YES_AGGRESSIVE;
				CLANG_WARN_UNREACHABLE_CODE = YES;
				CLANG_WARN__DUPLICATE_METHOD_MATCH = YES;
				CODE_SIGN_IDENTITY = "iPhone Developer";
				COPY_PHASE_STRIP = NO;
				DEBUG_INFORMATION_FORMAT = dwarf;
				ENABLE_STRICT_OBJC_MSGSEND = YES;
				ENABLE_TESTABILITY = YES;
				GCC_C_LANGUAGE_STANDARD = gnu11;
				GCC_DYNAMIC_NO_PIC = NO;
				GCC_NO_COMMON_BLOCKS = YES;
				GCC_OPTIMIZATION_LEVEL = 0;
				GCC_PREPROCESSOR_DEFINITIONS = (
					"DEBUG=1",
					"$(inherited)",
				);
				GCC_WARN_64_TO_32_BIT_CONVERSION = YES;
				GCC_WARN_ABOUT_RETURN_TYPE = YES_ERROR;
				GCC_WARN_UNDECLARED_SELECTOR = YES;
				GCC_WARN_UNINITIALIZED_AUTOS = YES_AGGRESSIVE;
				GCC_WARN_UNUSED_FUNCTION = YES;
				GCC_WARN_UNUSED_VARIABLE = YES;
				IPHONEOS_DEPLOYMENT_TARGET = 11.0;
				MTL_ENABLE_DEBUG_INFO = YES;
				ONLY_ACTIVE_ARCH = YES;
				SDKROOT = iphoneos;
				SWIFT_ACTIVE_COMPILATION_CONDITIONS = DEBUG;
				SWIFT_OPTIMIZATION_LEVEL = "-Onone";
			};
			name = Debug;
		};
		48121FD31F9C23590088DFB3 /* Release */ = {
			isa = XCBuildConfiguration;
			buildSettings = {
				ALWAYS_SEARCH_USER_PATHS = NO;
				CLANG_ANALYZER_NONNULL = YES;
				CLANG_ANALYZER_NUMBER_OBJECT_CONVERSION = YES_AGGRESSIVE;
				CLANG_CXX_LANGUAGE_STANDARD = "gnu++14";
				CLANG_CXX_LIBRARY = "libc++";
				CLANG_ENABLE_MODULES = YES;
				CLANG_ENABLE_OBJC_ARC = YES;
				CLANG_WARN_BLOCK_CAPTURE_AUTORELEASING = YES;
				CLANG_WARN_BOOL_CONVERSION = YES;
				CLANG_WARN_COMMA = YES;
				CLANG_WARN_CONSTANT_CONVERSION = YES;
				CLANG_WARN_DIRECT_OBJC_ISA_USAGE = YES_ERROR;
				CLANG_WARN_DOCUMENTATION_COMMENTS = YES;
				CLANG_WARN_EMPTY_BODY = YES;
				CLANG_WARN_ENUM_CONVERSION = YES;
				CLANG_WARN_INFINITE_RECURSION = YES;
				CLANG_WARN_INT_CONVERSION = YES;
				CLANG_WARN_NON_LITERAL_NULL_CONVERSION = YES;
				CLANG_WARN_OBJC_LITERAL_CONVERSION = YES;
				CLANG_WARN_OBJC_ROOT_CLASS = YES_ERROR;
				CLANG_WARN_RANGE_LOOP_ANALYSIS = YES;
				CLANG_WARN_STRICT_PROTOTYPES = YES;
				CLANG_WARN_SUSPICIOUS_MOVE = YES;
				CLANG_WARN_UNGUARDED_AVAILABILITY = YES_AGGRESSIVE;
				CLANG_WARN_UNREACHABLE_CODE = YES;
				CLANG_WARN__DUPLICATE_METHOD_MATCH = YES;
				CODE_SIGN_IDENTITY = "iPhone Developer";
				COPY_PHASE_STRIP = NO;
				DEBUG_INFORMATION_FORMAT = "dwarf-with-dsym";
				ENABLE_NS_ASSERTIONS = NO;
				ENABLE_STRICT_OBJC_MSGSEND = YES;
				GCC_C_LANGUAGE_STANDARD = gnu11;
				GCC_NO_COMMON_BLOCKS = YES;
				GCC_WARN_64_TO_32_BIT_CONVERSION = YES;
				GCC_WARN_ABOUT_RETURN_TYPE = YES_ERROR;
				GCC_WARN_UNDECLARED_SELECTOR = YES;
				GCC_WARN_UNINITIALIZED_AUTOS = YES_AGGRESSIVE;
				GCC_WARN_UNUSED_FUNCTION = YES;
				GCC_WARN_UNUSED_VARIABLE = YES;
				IPHONEOS_DEPLOYMENT_TARGET = 11.0;
				MTL_ENABLE_DEBUG_INFO = NO;
				SDKROOT = iphoneos;
				SWIFT_OPTIMIZATION_LEVEL = "-Owholemodule";
				VALIDATE_PRODUCT = YES;
			};
			name = Release;
		};
		48121FD51F9C23590088DFB3 /* Debug */ = {
			isa = XCBuildConfiguration;
			buildSettings = {
				ASSETCATALOG_COMPILER_APPICON_NAME = AppIcon;
				CODE_SIGN_STYLE = Automatic;
				DEVELOPMENT_TEAM = J6JJA4UC5Z;
				INFOPLIST_FILE = GoalPost/Info.plist;
				LD_RUNPATH_SEARCH_PATHS = "$(inherited) @executable_path/Frameworks";
				PRODUCT_BUNDLE_IDENTIFIER = com.samchon.GoalPost;
				PRODUCT_NAME = "$(TARGET_NAME)";
				SWIFT_VERSION = 4.0;
				TARGETED_DEVICE_FAMILY = "1,2";
			};
			name = Debug;
		};
		48121FD61F9C23590088DFB3 /* Release */ = {
			isa = XCBuildConfiguration;
			buildSettings = {
				ASSETCATALOG_COMPILER_APPICON_NAME = AppIcon;
				CODE_SIGN_STYLE = Automatic;
				DEVELOPMENT_TEAM = J6JJA4UC5Z;
				INFOPLIST_FILE = GoalPost/Info.plist;
				LD_RUNPATH_SEARCH_PATHS = "$(inherited) @executable_path/Frameworks";
				PRODUCT_BUNDLE_IDENTIFIER = com.samchon.GoalPost;
				PRODUCT_NAME = "$(TARGET_NAME)";
				SWIFT_VERSION = 4.0;
				TARGETED_DEVICE_FAMILY = "1,2";
			};
			name = Release;
		};
/* End XCBuildConfiguration section */

/* Begin XCConfigurationList section */
		48121FBA1F9C23590088DFB3 /* Build configuration list for PBXProject "GoalPost" */ = {
			isa = XCConfigurationList;
			buildConfigurations = (
				48121FD21F9C23590088DFB3 /* Debug */,
				48121FD31F9C23590088DFB3 /* Release */,
			);
			defaultConfigurationIsVisible = 0;
			defaultConfigurationName = Release;
		};
		48121FD41F9C23590088DFB3 /* Build configuration list for PBXNativeTarget "GoalPost" */ = {
			isa = XCConfigurationList;
			buildConfigurations = (
				48121FD51F9C23590088DFB3 /* Debug */,
				48121FD61F9C23590088DFB3 /* Release */,
			);
			defaultConfigurationIsVisible = 0;
			defaultConfigurationName = Release;
		};
/* End XCConfigurationList section */

/* Begin XCVersionGroup section */
		48121FC91F9C23590088DFB3 /* GoalPost.xcdatamodeld */ = {
			isa = XCVersionGroup;
			children = (
				48121FCA1F9C23590088DFB3 /* GoalPost.xcdatamodel */,
			);
			currentVersion = 48121FCA1F9C23590088DFB3 /* GoalPost.xcdatamodel */;
			path = GoalPost.xcdatamodeld;
			sourceTree = "<group>";
			versionGroupType = wrapper.xcdatamodel;
		};
/* End XCVersionGroup section */
	};
	rootObject = 48121FB71F9C23590088DFB3 /* Project object */;
}
